<?xml version="1.0" encoding="utf-8"?>
<Project ToolsVersion="4.0" xmlns="http://schemas.microsoft.com/developer/msbuild/2003">
  <ItemGroup>
    <ClCompile Include="Render\Camera.cpp">
      <Filter>Render</Filter>
    </ClCompile>
    <ClCompile Include="Render\Render.cpp">
      <Filter>Render</Filter>
    </ClCompile>
    <ClCompile Include="RenderUtils.cpp" />
    <ClCompile Include="main.cpp" />
    <ClCompile Include="callbacks.cpp" />
    <ClCompile Include="Vector3D.cpp" />
    <ClCompile Include="Scene.cpp">
      <Filter>Scenes</Filter>
    </ClCompile>
    <ClCompile Include="SceneManager.cpp">
      <Filter>Scenes</Filter>
    </ClCompile>
    <ClCompile Include="Entity.cpp" />
    <ClCompile Include="ParticleGenerator.cpp">
      <Filter>ParticleManagement</Filter>
    </ClCompile>
    <ClCompile Include="ParticleSystem.cpp">
      <Filter>ParticleManagement</Filter>
    </ClCompile>
    <ClCompile Include="ProjectileGenerator.cpp">
      <Filter>ParticleManagement</Filter>
    </ClCompile>
    <ClCompile Include="Particle.cpp">
      <Filter>ParticleManagement</Filter>
    </ClCompile>
    <ClCompile Include="ForceGenerator.cpp">
      <Filter>ParticleManagement</Filter>
    </ClCompile>
    <ClCompile Include="ChargedEntity.cpp" />
    <ClCompile Include="Pipe.cpp" />
    <ClCompile Include="Wall.cpp" />
    <ClCompile Include="Projectile.cpp" />
    <ClCompile Include="Constants.cpp" />
    <ClCompile Include="RigidBody.cpp" />
    <ClCompile Include="RigidBodySystem.cpp" />
    <ClCompile Include="System.cpp" />
    <ClCompile Include="RigidBodyGenerator.cpp" />
    <ClCompile Include="Magnet.cpp" />
    <ClCompile Include="Win.cpp" />
  </ItemGroup>
  <ItemGroup>
    <ClInclude Include="core.hpp" />
    <ClInclude Include="Render\Camera.h">
      <Filter>Render</Filter>
    </ClInclude>
    <ClInclude Include="Render\Render.h">
      <Filter>Render</Filter>
    </ClInclude>
    <ClInclude Include="RenderUtils.hpp" />
    <ClInclude Include="callbacks.hpp" />
    <ClInclude Include="Vector3D.h" />
    <ClInclude Include="axis.h" />
    <ClInclude Include="Scene.h">
      <Filter>Scenes</Filter>
    </ClInclude>
    <ClInclude Include="SceneManager.h">
      <Filter>Scenes</Filter>
    </ClInclude>
    <ClInclude Include="Entity.h" />
    <ClInclude Include="ParticleGenerator.h">
      <Filter>ParticleManagement</Filter>
    </ClInclude>
    <ClInclude Include="ParticleSystem.h">
      <Filter>ParticleManagement</Filter>
    </ClInclude>
    <ClInclude Include="ProjectileGenerator.h">
      <Filter>ParticleManagement</Filter>
    </ClInclude>
    <ClInclude Include="ForceGenerator.h">
      <Filter>ParticleManagement</Filter>
    </ClInclude>
    <ClInclude Include="Particle.h">
      <Filter>ParticleManagement</Filter>
    </ClInclude>
    <ClInclude Include="ChargedEntity.h" />
    <ClInclude Include="Pipe.h" />
    <ClInclude Include="Wall.h" />
    <ClInclude Include="Projectile.h" />
    <ClInclude Include="Constants.h" />
    <ClInclude Include="RigidBody.h" />
    <ClInclude Include="RigidBodySystem.h" />
    <ClInclude Include="System.h" />
    <ClInclude Include="RigidBodyGenerator.h" />
    <ClInclude Include="Magnet.h" />
    <ClInclude Include="Win.h" />
  </ItemGroup>
  <ItemGroup>
    <Filter Include="Render">
      <UniqueIdentifier>{d04b4f9f-5a69-465e-8070-25c6d0bcd3c2}</UniqueIdentifier>
    </Filter>
    <Filter Include="Scenes">
      <UniqueIdentifier>{0281ff86-9df8-44e7-9cac-63cdddbe9995}</UniqueIdentifier>
    </Filter>
    <Filter Include="ParticleManagement">
      <UniqueIdentifier>{d3fad05a-8223-4edf-81c4-82ddd33b9e9c}</UniqueIdentifier>
    </Filter>
  </ItemGroup>
</Project>